
Microsoft Visual Studio Solution File, Format Version 12.00
# Visual Studio Version 17
VisualStudioVersion = 17.5.2.0
MinimumVisualStudioVersion = 10.0.40219.1
Project("{FAE04EC0-301F-11D3-BF4B-00C04F79EFBC}") = "Loopover-Solver", "Loopover-Solver.csproj", "{0EBA69F4-82CE-132C-4581-82500EE93EE4}"
EndProject
Global
	GlobalSection(SolutionConfigurationPlatforms) = preSolution
		Debug|Any CPU = Debug|Any CPU
		Release|Any CPU = Release|Any CPU
	EndGlobalSection
	GlobalSection(ProjectConfigurationPlatforms) = postSolution
		{0EBA69F4-82CE-132C-4581-82500EE93EE4}.Debug|Any CPU.ActiveCfg = Debug|Any CPU
		{0EBA69F4-82CE-132C-4581-82500EE93EE4}.Debug|Any CPU.Build.0 = Debug|Any CPU
		{0EBA69F4-82CE-132C-4581-82500EE93EE4}.Release|Any CPU.ActiveCfg = Release|Any CPU
		{0EBA69F4-82CE-132C-4581-82500EE93EE4}.Release|Any CPU.Build.0 = Release|Any CPU
	EndGlobalSection
	GlobalSection(SolutionProperties) = preSolution
		HideSolutionNode = FALSE
	EndGlobalSection
	GlobalSection(ExtensibilityGlobals) = postSolution
		SolutionGuid = {634B0846-8A9A-490E-8C96-5FEBB18215E8}
	EndGlobalSection
EndGlobal
